
Microsoft Visual Studio Solution File, Format Version 12.00
# Visual Studio Version 17
VisualStudioVersion = 17.0.31903.59
MinimumVisualStudioVersion = 10.0.40219.1
Project("{FAE04EC0-301F-11D3-BF4B-00C04F79EFBC}") = "API", "API\API.csproj", "{7502C15D-63DF-4B0F-AECF-C52138C94684}"
EndProject
Project("{FAE04EC0-301F-11D3-BF4B-00C04F79EFBC}") = "Application", "Application\Application.csproj", "{15FF10BF-B6FF-40D4-A4D4-F7B494B66F4A}"
EndProject
Project("{FAE04EC0-301F-11D3-BF4B-00C04F79EFBC}") = "Domain", "Domain\Domain.csproj", "{18422C7D-4BF2-49B9-86D2-A722695B4EAA}"
EndProject
Project("{FAE04EC0-301F-11D3-BF4B-00C04F79EFBC}") = "Persistence", "Persistence\Persistence.csproj", "{721C8DF2-DC79-4FF3-A8B8-61F308F02CE2}"
EndProject
Global
	GlobalSection(SolutionConfigurationPlatforms) = preSolution
		Debug|Any CPU = Debug|Any CPU
		Release|Any CPU = Release|Any CPU
	EndGlobalSection
	GlobalSection(SolutionProperties) = preSolution
		HideSolutionNode = FALSE
	EndGlobalSection
	GlobalSection(ProjectConfigurationPlatforms) = postSolution
		{7502C15D-63DF-4B0F-AECF-C52138C94684}.Debug|Any CPU.ActiveCfg = Debug|Any CPU
		{7502C15D-63DF-4B0F-AECF-C52138C94684}.Debug|Any CPU.Build.0 = Debug|Any CPU
		{7502C15D-63DF-4B0F-AECF-C52138C94684}.Release|Any CPU.ActiveCfg = Release|Any CPU
		{7502C15D-63DF-4B0F-AECF-C52138C94684}.Release|Any CPU.Build.0 = Release|Any CPU
		{15FF10BF-B6FF-40D4-A4D4-F7B494B66F4A}.Debug|Any CPU.ActiveCfg = Debug|Any CPU
		{15FF10BF-B6FF-40D4-A4D4-F7B494B66F4A}.Debug|Any CPU.Build.0 = Debug|Any CPU
		{15FF10BF-B6FF-40D4-A4D4-F7B494B66F4A}.Release|Any CPU.ActiveCfg = Release|Any CPU
		{15FF10BF-B6FF-40D4-A4D4-F7B494B66F4A}.Release|Any CPU.Build.0 = Release|Any CPU
		{18422C7D-4BF2-49B9-86D2-A722695B4EAA}.Debug|Any CPU.ActiveCfg = Debug|Any CPU
		{18422C7D-4BF2-49B9-86D2-A722695B4EAA}.Debug|Any CPU.Build.0 = Debug|Any CPU
		{18422C7D-4BF2-49B9-86D2-A722695B4EAA}.Release|Any CPU.ActiveCfg = Release|Any CPU
		{18422C7D-4BF2-49B9-86D2-A722695B4EAA}.Release|Any CPU.Build.0 = Release|Any CPU
		{721C8DF2-DC79-4FF3-A8B8-61F308F02CE2}.Debug|Any CPU.ActiveCfg = Debug|Any CPU
		{721C8DF2-DC79-4FF3-A8B8-61F308F02CE2}.Debug|Any CPU.Build.0 = Debug|Any CPU
		{721C8DF2-DC79-4FF3-A8B8-61F308F02CE2}.Release|Any CPU.ActiveCfg = Release|Any CPU
		{721C8DF2-DC79-4FF3-A8B8-61F308F02CE2}.Release|Any CPU.Build.0 = Release|Any CPU
	EndGlobalSection
EndGlobal
